{
  "name": "ajs2",
  "version": "1.0.0",
  "lockfileVersion": 2,
  "requires": true,
  "packages": {
    "": {
      "name": "ajs2",
      "version": "1.0.0",
      "license": "ISC",
      "dependencies": {
        "@annabruzgalova/ajs": "github:annabruzgalova/ajs"
      }
    },
    "node_modules/@annabruzgalova/ajs": {
      "version": "1.0.0",
      "resolved": "git+ssh://git@github.com/annabruzgalova/ajs.git#a52303d616b0bb8858b5f0fff4ab8550475e015c",
      "license": "ISC"
    }
  },
  "dependencies": {
    "@annabruzgalova/ajs": {
      "version": "git+ssh://git@github.com/annabruzgalova/ajs.git#a52303d616b0bb8858b5f0fff4ab8550475e015c",
      "from": "@annabruzgalova/ajs@annabruzgalova/ajs"
    }
  }
}
